
Microsoft Visual Studio Solution File, Format Version 12.00
# Visual Studio 15
VisualStudioVersion = 15.0.28307.168
MinimumVisualStudioVersion = 10.0.40219.1
Project("{FAE04EC0-301F-11D3-BF4B-00C04F79EFBC}") = "RefOwner", "RefOwner\RefOwner.csproj", "{D79B60B2-BC24-48CF-9E09-5EECD6472EF8}"
EndProject
Project("{2150E333-8FDC-42A3-9474-1A3956D46DE8}") = "Solution Items", "Solution Items", "{0F1F9C37-9D4E-4816-8829-81F05C21D7F2}"
	ProjectSection(SolutionItems) = preProject
		build.bat = build.bat
		LICENSE.txt = LICENSE.txt
		Readme.md = Readme.md
	EndProjectSection
EndProject
Global
	GlobalSection(SolutionConfigurationPlatforms) = preSolution
		Debug|Any CPU = Debug|Any CPU
		Release|Any CPU = Release|Any CPU
	EndGlobalSection
	GlobalSection(ProjectConfigurationPlatforms) = postSolution
		{D79B60B2-BC24-48CF-9E09-5EECD6472EF8}.Debug|Any CPU.ActiveCfg = Debug|x86
		{D79B60B2-BC24-48CF-9E09-5EECD6472EF8}.Debug|Any CPU.Build.0 = Debug|x86
		{D79B60B2-BC24-48CF-9E09-5EECD6472EF8}.Release|Any CPU.ActiveCfg = Release|Any CPU
		{D79B60B2-BC24-48CF-9E09-5EECD6472EF8}.Release|Any CPU.Build.0 = Release|Any CPU
	EndGlobalSection
	GlobalSection(SolutionProperties) = preSolution
		HideSolutionNode = FALSE
	EndGlobalSection
	GlobalSection(ExtensibilityGlobals) = postSolution
		SolutionGuid = {875638C9-23FB-44A2-931F-4D0B2BF19953}
	EndGlobalSection
EndGlobal
